# This file is automatically @generated by Cargo.
# It is not intended for manual editing.
version = 3

[[package]]
name = "bitflags"
version = "1.3.2"
source = "registry+https://github.com/rust-lang/crates.io-index"
checksum = "bef38d45163c2f1dde094a7dfd33ccf595c92905c8f8f4fdc18d06fb1037718a"

[[package]]
name = "card"
version = "0.1.0"
dependencies = [
 "pcsc",
]

[[package]]
name = "pcsc"
version = "2.8.2"
source = "registry+https://github.com/rust-lang/crates.io-index"
checksum = "45ed9d7f816b7d9ce9ddb0062dd2f393b3af31411a95a35411809b4b9116ea08"
dependencies = [
 "bitflags",
 "pcsc-sys",
]

[[package]]
name = "pcsc-sys"
version = "1.2.1"
source = "registry+https://github.com/rust-lang/crates.io-index"
checksum = "b09e9ba80f2c4d167f936d27594f7248bca3295921ffbfa44a24b339b6cb7403"
dependencies = [
 "pkg-config",
]

[[package]]
name = "pkg-config"
version = "0.3.30"
source = "registry+https://github.com/rust-lang/crates.io-index"
checksum = "d231b230927b5e4ad203db57bbcbee2802f6bce620b1e4a9024a07d94e2907ec"
