# This file is automatically @generated by Cargo.
# It is not intended for manual editing.
version = 3

[[package]]
name = "bitflags"
version = "1.3.2"
source = "registry+https://github.com/rust-lang/crates.io-index"
checksum = "bef38d45163c2f1dde094a7dfd33ccf595c92905c8f8f4fdc18d06fb1037718a"

[[package]]
name = "card"
version = "0.1.0"
dependencies = [
 "enum_dispatch",
 "pcsc",
]

[[package]]
name = "enum_dispatch"
version = "0.3.13"
source = "registry+https://github.com/rust-lang/crates.io-index"
checksum = "aa18ce2bc66555b3218614519ac839ddb759a7d6720732f979ef8d13be147ecd"
dependencies = [
 "once_cell",
 "proc-macro2",
 "quote",
 "syn",
]

[[package]]
name = "once_cell"
version = "1.19.0"
source = "registry+https://github.com/rust-lang/crates.io-index"
checksum = "3fdb12b2476b595f9358c5161aa467c2438859caa136dec86c26fdd2efe17b92"

[[package]]
name = "pcsc"
version = "2.8.2"
source = "registry+https://github.com/rust-lang/crates.io-index"
checksum = "45ed9d7f816b7d9ce9ddb0062dd2f393b3af31411a95a35411809b4b9116ea08"
dependencies = [
 "bitflags",
 "pcsc-sys",
]

[[package]]
name = "pcsc-sys"
version = "1.2.1"
source = "registry+https://github.com/rust-lang/crates.io-index"
checksum = "b09e9ba80f2c4d167f936d27594f7248bca3295921ffbfa44a24b339b6cb7403"
dependencies = [
 "pkg-config",
]

[[package]]
name = "pkg-config"
version = "0.3.30"
source = "registry+https://github.com/rust-lang/crates.io-index"
checksum = "d231b230927b5e4ad203db57bbcbee2802f6bce620b1e4a9024a07d94e2907ec"

[[package]]
name = "proc-macro2"
version = "1.0.85"
source = "registry+https://github.com/rust-lang/crates.io-index"
checksum = "22244ce15aa966053a896d1accb3a6e68469b97c7f33f284b99f0d576879fc23"
dependencies = [
 "unicode-ident",
]

[[package]]
name = "quote"
version = "1.0.36"
source = "registry+https://github.com/rust-lang/crates.io-index"
checksum = "0fa76aaf39101c457836aec0ce2316dbdc3ab723cdda1c6bd4e6ad4208acaca7"
dependencies = [
 "proc-macro2",
]

[[package]]
name = "syn"
version = "2.0.66"
source = "registry+https://github.com/rust-lang/crates.io-index"
checksum = "c42f3f41a2de00b01c0aaad383c5a45241efc8b2d1eda5661812fda5f3cdcff5"
dependencies = [
 "proc-macro2",
 "quote",
 "unicode-ident",
]

[[package]]
name = "unicode-ident"
version = "1.0.12"
source = "registry+https://github.com/rust-lang/crates.io-index"
checksum = "3354b9ac3fae1ff6755cb6db53683adb661634f67557942dea4facebec0fee4b"
